
Microsoft Visual Studio Solution File, Format Version 12.00
# Visual Studio Version 17
VisualStudioVersion = 17.0.32014.148
MinimumVisualStudioVersion = 10.0.40219.1
Project("{9A19103F-16F7-4668-BE54-9A1E7A4F7556}") = "ByteBank.SistemaAgencia", "ByteBank.SistemaAgencia\ByteBank.SistemaAgencia.csproj", "{5070C287-4D65-454C-B95D-14F1DFBD02FE}"
EndProject
Project("{FAE04EC0-301F-11D3-BF4B-00C04F79EFBC}") = "ByteBank.Modelos", "ByteBank.Modelos\ByteBank.Modelos.csproj", "{F26BEE57-35E0-471F-9496-2B32C5470EB5}"
EndProject
Global
	GlobalSection(SolutionConfigurationPlatforms) = preSolution
		Debug|Any CPU = Debug|Any CPU
		Release|Any CPU = Release|Any CPU
	EndGlobalSection
	GlobalSection(ProjectConfigurationPlatforms) = postSolution
		{5070C287-4D65-454C-B95D-14F1DFBD02FE}.Debug|Any CPU.ActiveCfg = Debug|Any CPU
		{5070C287-4D65-454C-B95D-14F1DFBD02FE}.Debug|Any CPU.Build.0 = Debug|Any CPU
		{5070C287-4D65-454C-B95D-14F1DFBD02FE}.Release|Any CPU.ActiveCfg = Release|Any CPU
		{5070C287-4D65-454C-B95D-14F1DFBD02FE}.Release|Any CPU.Build.0 = Release|Any CPU
		{F26BEE57-35E0-471F-9496-2B32C5470EB5}.Debug|Any CPU.ActiveCfg = Debug|Any CPU
		{F26BEE57-35E0-471F-9496-2B32C5470EB5}.Debug|Any CPU.Build.0 = Debug|Any CPU
		{F26BEE57-35E0-471F-9496-2B32C5470EB5}.Release|Any CPU.ActiveCfg = Release|Any CPU
		{F26BEE57-35E0-471F-9496-2B32C5470EB5}.Release|Any CPU.Build.0 = Release|Any CPU
	EndGlobalSection
	GlobalSection(SolutionProperties) = preSolution
		HideSolutionNode = FALSE
	EndGlobalSection
	GlobalSection(ExtensibilityGlobals) = postSolution
		SolutionGuid = {8C4E5E01-EF82-43F1-B18F-000BD93B89EE}
	EndGlobalSection
EndGlobal
