
Microsoft Visual Studio Solution File, Format Version 12.00
# Visual Studio Version 17
VisualStudioVersion = 17.0.32014.148
MinimumVisualStudioVersion = 10.0.40219.1
Project("{9A19103F-16F7-4668-BE54-9A1E7A4F7556}") = "1-PrimeiroProjeto", "1-PrimeiroProjeto\1-PrimeiroProjeto.csproj", "{A834991F-0618-4848-930E-5C417BE93859}"
EndProject
Project("{9A19103F-16F7-4668-BE54-9A1E7A4F7556}") = "2-CriandoVariaveis", "2-CriandoVariaveis\2-CriandoVariaveis.csproj", "{A03538BF-8A62-4788-AEE3-F7DDB38CD530}"
EndProject
Project("{FAE04EC0-301F-11D3-BF4B-00C04F79EFBC}") = "3-Strings", "3-Strings\3-Strings.csproj", "{FF4B5FE6-CA3E-4313-A970-7A32406AD06E}"
EndProject
Project("{FAE04EC0-301F-11D3-BF4B-00C04F79EFBC}") = "4-Condicionais", "4-Condicionais\4-Condicionais.csproj", "{6E4148BD-7A3C-41D4-95E7-74AF0847F9B6}"
EndProject
Project("{FAE04EC0-301F-11D3-BF4B-00C04F79EFBC}") = "Exercicio1-Condicionais", "Exercicio1-Condicionais\Exercicio1-Condicionais.csproj", "{8F254AC0-EF96-4652-B4CD-1E1B2FCE3FEF}"
EndProject
Project("{FAE04EC0-301F-11D3-BF4B-00C04F79EFBC}") = "4.1-Switch", "4.1-Switch\4.1-Switch.csproj", "{1E124BFD-3FAA-4CE0-81F6-F07AD04EBFC7}"
EndProject
Global
	GlobalSection(SolutionConfigurationPlatforms) = preSolution
		Debug|Any CPU = Debug|Any CPU
		Release|Any CPU = Release|Any CPU
	EndGlobalSection
	GlobalSection(ProjectConfigurationPlatforms) = postSolution
		{A834991F-0618-4848-930E-5C417BE93859}.Debug|Any CPU.ActiveCfg = Debug|Any CPU
		{A834991F-0618-4848-930E-5C417BE93859}.Debug|Any CPU.Build.0 = Debug|Any CPU
		{A834991F-0618-4848-930E-5C417BE93859}.Release|Any CPU.ActiveCfg = Release|Any CPU
		{A834991F-0618-4848-930E-5C417BE93859}.Release|Any CPU.Build.0 = Release|Any CPU
		{A03538BF-8A62-4788-AEE3-F7DDB38CD530}.Debug|Any CPU.ActiveCfg = Debug|Any CPU
		{A03538BF-8A62-4788-AEE3-F7DDB38CD530}.Debug|Any CPU.Build.0 = Debug|Any CPU
		{A03538BF-8A62-4788-AEE3-F7DDB38CD530}.Release|Any CPU.ActiveCfg = Release|Any CPU
		{A03538BF-8A62-4788-AEE3-F7DDB38CD530}.Release|Any CPU.Build.0 = Release|Any CPU
		{FF4B5FE6-CA3E-4313-A970-7A32406AD06E}.Debug|Any CPU.ActiveCfg = Debug|Any CPU
		{FF4B5FE6-CA3E-4313-A970-7A32406AD06E}.Debug|Any CPU.Build.0 = Debug|Any CPU
		{FF4B5FE6-CA3E-4313-A970-7A32406AD06E}.Release|Any CPU.ActiveCfg = Release|Any CPU
		{FF4B5FE6-CA3E-4313-A970-7A32406AD06E}.Release|Any CPU.Build.0 = Release|Any CPU
		{6E4148BD-7A3C-41D4-95E7-74AF0847F9B6}.Debug|Any CPU.ActiveCfg = Debug|Any CPU
		{6E4148BD-7A3C-41D4-95E7-74AF0847F9B6}.Debug|Any CPU.Build.0 = Debug|Any CPU
		{6E4148BD-7A3C-41D4-95E7-74AF0847F9B6}.Release|Any CPU.ActiveCfg = Release|Any CPU
		{6E4148BD-7A3C-41D4-95E7-74AF0847F9B6}.Release|Any CPU.Build.0 = Release|Any CPU
		{8F254AC0-EF96-4652-B4CD-1E1B2FCE3FEF}.Debug|Any CPU.ActiveCfg = Debug|Any CPU
		{8F254AC0-EF96-4652-B4CD-1E1B2FCE3FEF}.Debug|Any CPU.Build.0 = Debug|Any CPU
		{8F254AC0-EF96-4652-B4CD-1E1B2FCE3FEF}.Release|Any CPU.ActiveCfg = Release|Any CPU
		{8F254AC0-EF96-4652-B4CD-1E1B2FCE3FEF}.Release|Any CPU.Build.0 = Release|Any CPU
		{1E124BFD-3FAA-4CE0-81F6-F07AD04EBFC7}.Debug|Any CPU.ActiveCfg = Debug|Any CPU
		{1E124BFD-3FAA-4CE0-81F6-F07AD04EBFC7}.Debug|Any CPU.Build.0 = Debug|Any CPU
		{1E124BFD-3FAA-4CE0-81F6-F07AD04EBFC7}.Release|Any CPU.ActiveCfg = Release|Any CPU
		{1E124BFD-3FAA-4CE0-81F6-F07AD04EBFC7}.Release|Any CPU.Build.0 = Release|Any CPU
	EndGlobalSection
	GlobalSection(SolutionProperties) = preSolution
		HideSolutionNode = FALSE
	EndGlobalSection
	GlobalSection(ExtensibilityGlobals) = postSolution
		SolutionGuid = {7220DC70-BA24-41D9-9CD4-1D4FEC4487C7}
	EndGlobalSection
EndGlobal
